
Microsoft Visual Studio Solution File, Format Version 12.00
# Visual Studio Version 16
VisualStudioVersion = 16.0.31515.178
MinimumVisualStudioVersion = 10.0.40219.1
Project("{FAE04EC0-301F-11D3-BF4B-00C04F79EFBC}") = "ClassLibrary1", "ClassLibrary1\ClassLibrary1.csproj", "{F273E6AD-CA41-4190-A419-63296E15A462}"
EndProject
Global
	GlobalSection(SolutionConfigurationPlatforms) = preSolution
		Debug|Any CPU = Debug|Any CPU
		Release|Any CPU = Release|Any CPU
	EndGlobalSection
	GlobalSection(ProjectConfigurationPlatforms) = postSolution
		{F273E6AD-CA41-4190-A419-63296E15A462}.Debug|Any CPU.ActiveCfg = Debug|Any CPU
		{F273E6AD-CA41-4190-A419-63296E15A462}.Debug|Any CPU.Build.0 = Debug|Any CPU
		{F273E6AD-CA41-4190-A419-63296E15A462}.Release|Any CPU.ActiveCfg = Release|Any CPU
		{F273E6AD-CA41-4190-A419-63296E15A462}.Release|Any CPU.Build.0 = Release|Any CPU
	EndGlobalSection
	GlobalSection(SolutionProperties) = preSolution
		HideSolutionNode = FALSE
	EndGlobalSection
	GlobalSection(ExtensibilityGlobals) = postSolution
		SolutionGuid = {30639475-3931-4F61-A04A-C58796C11E1E}
	EndGlobalSection
EndGlobal
